
Microsoft Visual Studio Solution File, Format Version 12.00
# Visual Studio Version 17
VisualStudioVersion = 17.9.34723.18
MinimumVisualStudioVersion = 10.0.40219.1
Project("{8BC9CEB8-8B4A-11D0-8D11-00A0C91BC942}") = "teamwork", "teamwork\teamwork.vcxproj", "{9792393E-A9E0-41DA-90F5-1219B920FE8B}"
EndProject
Project("{8BC9CEB8-8B4A-11D0-8D11-00A0C91BC942}") = "Sample-Test1", "Sample-Test1\Sample-Test1.vcxproj", "{78945FA8-1ADF-4A94-9F34-6B195FE6EF07}"
EndProject
Global
	GlobalSection(SolutionConfigurationPlatforms) = preSolution
		Debug|x64 = Debug|x64
		Debug|x86 = Debug|x86
		Release|x64 = Release|x64
		Release|x86 = Release|x86
	EndGlobalSection
	GlobalSection(ProjectConfigurationPlatforms) = postSolution
		{9792393E-A9E0-41DA-90F5-1219B920FE8B}.Debug|x64.ActiveCfg = Debug|x64
		{9792393E-A9E0-41DA-90F5-1219B920FE8B}.Debug|x64.Build.0 = Debug|x64
		{9792393E-A9E0-41DA-90F5-1219B920FE8B}.Debug|x86.ActiveCfg = Debug|Win32
		{9792393E-A9E0-41DA-90F5-1219B920FE8B}.Debug|x86.Build.0 = Debug|Win32
		{9792393E-A9E0-41DA-90F5-1219B920FE8B}.Release|x64.ActiveCfg = Release|x64
		{9792393E-A9E0-41DA-90F5-1219B920FE8B}.Release|x64.Build.0 = Release|x64
		{9792393E-A9E0-41DA-90F5-1219B920FE8B}.Release|x86.ActiveCfg = Release|Win32
		{9792393E-A9E0-41DA-90F5-1219B920FE8B}.Release|x86.Build.0 = Release|Win32
		{78945FA8-1ADF-4A94-9F34-6B195FE6EF07}.Debug|x64.ActiveCfg = Debug|x64
		{78945FA8-1ADF-4A94-9F34-6B195FE6EF07}.Debug|x64.Build.0 = Debug|x64
		{78945FA8-1ADF-4A94-9F34-6B195FE6EF07}.Debug|x86.ActiveCfg = Debug|Win32
		{78945FA8-1ADF-4A94-9F34-6B195FE6EF07}.Debug|x86.Build.0 = Debug|Win32
		{78945FA8-1ADF-4A94-9F34-6B195FE6EF07}.Release|x64.ActiveCfg = Release|x64
		{78945FA8-1ADF-4A94-9F34-6B195FE6EF07}.Release|x64.Build.0 = Release|x64
		{78945FA8-1ADF-4A94-9F34-6B195FE6EF07}.Release|x86.ActiveCfg = Release|Win32
		{78945FA8-1ADF-4A94-9F34-6B195FE6EF07}.Release|x86.Build.0 = Release|Win32
	EndGlobalSection
	GlobalSection(SolutionProperties) = preSolution
		HideSolutionNode = FALSE
	EndGlobalSection
	GlobalSection(ExtensibilityGlobals) = postSolution
		SolutionGuid = {733A2AB4-F7E0-4202-923D-E953392333BB}
	EndGlobalSection
EndGlobal
